// !$*UTF8*$!
{
	archiveVersion = 1;
	classes = {
	};
	objectVersion = 55;
	objects = {

/* Begin PBXBuildFile section */
		E67C53C3288EF71500F660BA /* AppDelegate.swift in Sources */ = {isa = PBXBuildFile; fileRef = E67C53C2288EF71500F660BA /* AppDelegate.swift */; };
		E67C53C5288EF71500F660BA /* SceneDelegate.swift in Sources */ = {isa = PBXBuildFile; fileRef = E67C53C4288EF71500F660BA /* SceneDelegate.swift */; };
		E67C53C7288EF71500F660BA /* ViewController.swift in Sources */ = {isa = PBXBuildFile; fileRef = E67C53C6288EF71500F660BA /* ViewController.swift */; };
		E67C53CA288EF71500F660BA /* Main.storyboard in Resources */ = {isa = PBXBuildFile; fileRef = E67C53C8288EF71500F660BA /* Main.storyboard */; };
		E67C53CD288EF71500F660BA /* PredicateExample.xcdatamodeld in Sources */ = {isa = PBXBuildFile; fileRef = E67C53CB288EF71500F660BA /* PredicateExample.xcdatamodeld */; };
		E67C53CF288EF71500F660BA /* Assets.xcassets in Resources */ = {isa = PBXBuildFile; fileRef = E67C53CE288EF71500F660BA /* Assets.xcassets */; };
		E67C53D2288EF71500F660BA /* LaunchScreen.storyboard in Resources */ = {isa = PBXBuildFile; fileRef = E67C53D0288EF71500F660BA /* LaunchScreen.storyboard */; };
		E67C53DF288EFFB300F660BA /* ExampleList+CoreDataClass.swift in Sources */ = {isa = PBXBuildFile; fileRef = E67C53D9288EFFB300F660BA /* ExampleList+CoreDataClass.swift */; };
		E67C53E0288EFFB300F660BA /* ExampleList+CoreDataProperties.swift in Sources */ = {isa = PBXBuildFile; fileRef = E67C53DA288EFFB300F660BA /* ExampleList+CoreDataProperties.swift */; };
		E67C53E1288EFFB300F660BA /* ExampleListItem+CoreDataClass.swift in Sources */ = {isa = PBXBuildFile; fileRef = E67C53DB288EFFB300F660BA /* ExampleListItem+CoreDataClass.swift */; };
		E67C53E2288EFFB300F660BA /* ExampleListItem+CoreDataProperties.swift in Sources */ = {isa = PBXBuildFile; fileRef = E67C53DC288EFFB300F660BA /* ExampleListItem+CoreDataProperties.swift */; };
		E67C53E3288EFFB300F660BA /* ExampleItem+CoreDataClass.swift in Sources */ = {isa = PBXBuildFile; fileRef = E67C53DD288EFFB300F660BA /* ExampleItem+CoreDataClass.swift */; };
		E67C53E4288EFFB300F660BA /* ExampleItem+CoreDataProperties.swift in Sources */ = {isa = PBXBuildFile; fileRef = E67C53DE288EFFB300F660BA /* ExampleItem+CoreDataProperties.swift */; };
/* End PBXBuildFile section */

/* Begin PBXFileReference section */
		E67C53BF288EF71500F660BA /* PredicateExample.app */ = {isa = PBXFileReference; explicitFileType = wrapper.application; includeInIndex = 0; path = PredicateExample.app; sourceTree = BUILT_PRODUCTS_DIR; };
		E67C53C2288EF71500F660BA /* AppDelegate.swift */ = {isa = PBXFileReference; lastKnownFileType = sourcecode.swift; path = AppDelegate.swift; sourceTree = "<group>"; };
		E67C53C4288EF71500F660BA /* SceneDelegate.swift */ = {isa = PBXFileReference; lastKnownFileType = sourcecode.swift; path = SceneDelegate.swift; sourceTree = "<group>"; };
		E67C53C6288EF71500F660BA /* ViewController.swift */ = {isa = PBXFileReference; lastKnownFileType = sourcecode.swift; path = ViewController.swift; sourceTree = "<group>"; };
		E67C53C9288EF71500F660BA /* Base */ = {isa = PBXFileReference; lastKnownFileType = file.storyboard; name = Base; path = Base.lproj/Main.storyboard; sourceTree = "<group>"; };
		E67C53CC288EF71500F660BA /* PredicateExample.xcdatamodel */ = {isa = PBXFileReference; lastKnownFileType = wrapper.xcdatamodel; path = PredicateExample.xcdatamodel; sourceTree = "<group>"; };
		E67C53CE288EF71500F660BA /* Assets.xcassets */ = {isa = PBXFileReference; lastKnownFileType = folder.assetcatalog; path = Assets.xcassets; sourceTree = "<group>"; };
		E67C53D1288EF71500F660BA /* Base */ = {isa = PBXFileReference; lastKnownFileType = file.storyboard; name = Base; path = Base.lproj/LaunchScreen.storyboard; sourceTree = "<group>"; };
		E67C53D3288EF71500F660BA /* Info.plist */ = {isa = PBXFileReference; lastKnownFileType = text.plist.xml; path = Info.plist; sourceTree = "<group>"; };
		E67C53D9288EFFB300F660BA /* ExampleList+CoreDataClass.swift */ = {isa = PBXFileReference; lastKnownFileType = sourcecode.swift; path = "ExampleList+CoreDataClass.swift"; sourceTree = "<group>"; };
		E67C53DA288EFFB300F660BA /* ExampleList+CoreDataProperties.swift */ = {isa = PBXFileReference; lastKnownFileType = sourcecode.swift; path = "ExampleList+CoreDataProperties.swift"; sourceTree = "<group>"; };
		E67C53DB288EFFB300F660BA /* ExampleListItem+CoreDataClass.swift */ = {isa = PBXFileReference; lastKnownFileType = sourcecode.swift; path = "ExampleListItem+CoreDataClass.swift"; sourceTree = "<group>"; };
		E67C53DC288EFFB300F660BA /* ExampleListItem+CoreDataProperties.swift */ = {isa = PBXFileReference; lastKnownFileType = sourcecode.swift; path = "ExampleListItem+CoreDataProperties.swift"; sourceTree = "<group>"; };
		E67C53DD288EFFB300F660BA /* ExampleItem+CoreDataClass.swift */ = {isa = PBXFileReference; lastKnownFileType = sourcecode.swift; path = "ExampleItem+CoreDataClass.swift"; sourceTree = "<group>"; };
		E67C53DE288EFFB300F660BA /* ExampleItem+CoreDataProperties.swift */ = {isa = PBXFileReference; lastKnownFileType = sourcecode.swift; path = "ExampleItem+CoreDataProperties.swift"; sourceTree = "<group>"; };
/* End PBXFileReference section */

/* Begin PBXFrameworksBuildPhase section */
		E67C53BC288EF71500F660BA /* Frameworks */ = {
			isa = PBXFrameworksBuildPhase;
			buildActionMask = 2147483647;
			files = (
			);
			runOnlyForDeploymentPostprocessing = 0;
		};
/* End PBXFrameworksBuildPhase section */

/* Begin PBXGroup section */
		E67C53B6288EF71500F660BA = {
			isa = PBXGroup;
			children = (
				E67C53C1288EF71500F660BA /* PredicateExample */,
				E67C53C0288EF71500F660BA /* Products */,
			);
			sourceTree = "<group>";
		};
		E67C53C0288EF71500F660BA /* Products */ = {
			isa = PBXGroup;
			children = (
				E67C53BF288EF71500F660BA /* PredicateExample.app */,
			);
			name = Products;
			sourceTree = "<group>";
		};
		E67C53C1288EF71500F660BA /* PredicateExample */ = {
			isa = PBXGroup;
			children = (
				E67C53E5288F000000F660BA /* Models */,
				E67C53C2288EF71500F660BA /* AppDelegate.swift */,
				E67C53C4288EF71500F660BA /* SceneDelegate.swift */,
				E67C53C6288EF71500F660BA /* ViewController.swift */,
				E67C53C8288EF71500F660BA /* Main.storyboard */,
				E67C53CE288EF71500F660BA /* Assets.xcassets */,
				E67C53D0288EF71500F660BA /* LaunchScreen.storyboard */,
				E67C53D3288EF71500F660BA /* Info.plist */,
				E67C53CB288EF71500F660BA /* PredicateExample.xcdatamodeld */,
			);
			path = PredicateExample;
			sourceTree = "<group>";
		};
		E67C53E5288F000000F660BA /* Models */ = {
			isa = PBXGroup;
			children = (
				E67C53D9288EFFB300F660BA /* ExampleList+CoreDataClass.swift */,
				E67C53DA288EFFB300F660BA /* ExampleList+CoreDataProperties.swift */,
				E67C53DB288EFFB300F660BA /* ExampleListItem+CoreDataClass.swift */,
				E67C53DC288EFFB300F660BA /* ExampleListItem+CoreDataProperties.swift */,
				E67C53DD288EFFB300F660BA /* ExampleItem+CoreDataClass.swift */,
				E67C53DE288EFFB300F660BA /* ExampleItem+CoreDataProperties.swift */,
			);
			path = Models;
			sourceTree = "<group>";
		};
/* End PBXGroup section */

/* Begin PBXNativeTarget section */
		E67C53BE288EF71500F660BA /* PredicateExample */ = {
			isa = PBXNativeTarget;
			buildConfigurationList = E67C53D6288EF71500F660BA /* Build configuration list for PBXNativeTarget "PredicateExample" */;
			buildPhases = (
				E67C53BB288EF71500F660BA /* Sources */,
				E67C53BC288EF71500F660BA /* Frameworks */,
				E67C53BD288EF71500F660BA /* Resources */,
			);
			buildRules = (
			);
			dependencies = (
			);
			name = PredicateExample;
			productName = PredicateExample;
			productReference = E67C53BF288EF71500F660BA /* PredicateExample.app */;
			productType = "com.apple.product-type.application";
		};
/* End PBXNativeTarget section */

/* Begin PBXProject section */
		E67C53B7288EF71500F660BA /* Project object */ = {
			isa = PBXProject;
			attributes = {
				BuildIndependentTargetsInParallel = 1;
				LastSwiftUpdateCheck = 1340;
				LastUpgradeCheck = 1340;
				TargetAttributes = {
					E67C53BE288EF71500F660BA = {
						CreatedOnToolsVersion = 13.4.1;
					};
				};
			};
			buildConfigurationList = E67C53BA288EF71500F660BA /* Build configuration list for PBXProject "PredicateExample" */;
			compatibilityVersion = "Xcode 13.0";
			developmentRegion = en;
			hasScannedForEncodings = 0;
			knownRegions = (
				en,
				Base,
			);
			mainGroup = E67C53B6288EF71500F660BA;
			productRefGroup = E67C53C0288EF71500F660BA /* Products */;
			projectDirPath = "";
			projectRoot = "";
			targets = (
				E67C53BE288EF71500F660BA /* PredicateExample */,
			);
		};
/* End PBXProject section */

/* Begin PBXResourcesBuildPhase section */
		E67C53BD288EF71500F660BA /* Resources */ = {
			isa = PBXResourcesBuildPhase;
			buildActionMask = 2147483647;
			files = (
				E67C53D2288EF71500F660BA /* LaunchScreen.storyboard in Resources */,
				E67C53CF288EF71500F660BA /* Assets.xcassets in Resources */,
				E67C53CA288EF71500F660BA /* Main.storyboard in Resources */,
			);
			runOnlyForDeploymentPostprocessing = 0;
		};
/* End PBXResourcesBuildPhase section */

/* Begin PBXSourcesBuildPhase section */
		E67C53BB288EF71500F660BA /* Sources */ = {
			isa = PBXSourcesBuildPhase;
			buildActionMask = 2147483647;
			files = (
				E67C53C7288EF71500F660BA /* ViewController.swift in Sources */,
				E67C53C3288EF71500F660BA /* AppDelegate.swift in Sources */,
				E67C53E0288EFFB300F660BA /* ExampleList+CoreDataProperties.swift in Sources */,
				E67C53E4288EFFB300F660BA /* ExampleItem+CoreDataProperties.swift in Sources */,
				E67C53CD288EF71500F660BA /* PredicateExample.xcdatamodeld in Sources */,
				E67C53E1288EFFB300F660BA /* ExampleListItem+CoreDataClass.swift in Sources */,
				E67C53E3288EFFB300F660BA /* ExampleItem+CoreDataClass.swift in Sources */,
				E67C53E2288EFFB300F660BA /* ExampleListItem+CoreDataProperties.swift in Sources */,
				E67C53DF288EFFB300F660BA /* ExampleList+CoreDataClass.swift in Sources */,
				E67C53C5288EF71500F660BA /* SceneDelegate.swift in Sources */,
			);
			runOnlyForDeploymentPostprocessing = 0;
		};
/* End PBXSourcesBuildPhase section */

/* Begin PBXVariantGroup section */
		E67C53C8288EF71500F660BA /* Main.storyboard */ = {
			isa = PBXVariantGroup;
			children = (
				E67C53C9288EF71500F660BA /* Base */,
			);
			name = Main.storyboard;
			sourceTree = "<group>";
		};
		E67C53D0288EF71500F660BA /* LaunchScreen.storyboard */ = {
			isa = PBXVariantGroup;
			children = (
				E67C53D1288EF71500F660BA /* Base */,
			);
			name = LaunchScreen.storyboard;
			sourceTree = "<group>";
		};
/* End PBXVariantGroup section */

/* Begin XCBuildConfiguration section */
		E67C53D4288EF71500F660BA /* Debug */ = {
			isa = XCBuildConfiguration;
			buildSettings = {
				ALWAYS_SEARCH_USER_PATHS = NO;
				CLANG_ANALYZER_NONNULL = YES;
				CLANG_ANALYZER_NUMBER_OBJECT_CONVERSION = YES_AGGRESSIVE;
				CLANG_CXX_LANGUAGE_STANDARD = "gnu++17";
				CLANG_ENABLE_MODULES = YES;
				CLANG_ENABLE_OBJC_ARC = YES;
				CLANG_ENABLE_OBJC_WEAK = YES;
				CLANG_WARN_BLOCK_CAPTURE_AUTORELEASING = YES;
				CLANG_WARN_BOOL_CONVERSION = YES;
				CLANG_WARN_COMMA = YES;
				CLANG_WARN_CONSTANT_CONVERSION = YES;
				CLANG_WARN_DEPRECATED_OBJC_IMPLEMENTATIONS = YES;
				CLANG_WARN_DIRECT_OBJC_ISA_USAGE = YES_ERROR;
				CLANG_WARN_DOCUMENTATION_COMMENTS = YES;
				CLANG_WARN_EMPTY_BODY = YES;
				CLANG_WARN_ENUM_CONVERSION = YES;
				CLANG_WARN_INFINITE_RECURSION = YES;
				CLANG_WARN_INT_CONVERSION = YES;
				CLANG_WARN_NON_LITERAL_NULL_CONVERSION = YES;
				CLANG_WARN_OBJC_IMPLICIT_RETAIN_SELF = YES;
				CLANG_WARN_OBJC_LITERAL_CONVERSION = YES;
				CLANG_WARN_OBJC_ROOT_CLASS = YES_ERROR;
				CLANG_WARN_QUOTED_INCLUDE_IN_FRAMEWORK_HEADER = YES;
				CLANG_WARN_RANGE_LOOP_ANALYSIS = YES;
				CLANG_WARN_STRICT_PROTOTYPES = YES;
				CLANG_WARN_SUSPICIOUS_MOVE = YES;
				CLANG_WARN_UNGUARDED_AVAILABILITY = YES_AGGRESSIVE;
				CLANG_WARN_UNREACHABLE_CODE = YES;
				CLANG_WARN__DUPLICATE_METHOD_MATCH = YES;
				COPY_PHASE_STRIP = NO;
				DEBUG_INFORMATION_FORMAT = dwarf;
				ENABLE_STRICT_OBJC_MSGSEND = YES;
				ENABLE_TESTABILITY = YES;
				GCC_C_LANGUAGE_STANDARD = gnu11;
				GCC_DYNAMIC_NO_PIC = NO;
				GCC_NO_COMMON_BLOCKS = YES;
				GCC_OPTIMIZATION_LEVEL = 0;
				GCC_PREPROCESSOR_DEFINITIONS = (
					"DEBUG=1",
					"$(inherited)",
				);
				GCC_WARN_64_TO_32_BIT_CONVERSION = YES;
				GCC_WARN_ABOUT_RETURN_TYPE = YES_ERROR;
				GCC_WARN_UNDECLARED_SELECTOR = YES;
				GCC_WARN_UNINITIALIZED_AUTOS = YES_AGGRESSIVE;
				GCC_WARN_UNUSED_FUNCTION = YES;
				GCC_WARN_UNUSED_VARIABLE = YES;
				IPHONEOS_DEPLOYMENT_TARGET = 15.5;
				MTL_ENABLE_DEBUG_INFO = INCLUDE_SOURCE;
				MTL_FAST_MATH = YES;
				ONLY_ACTIVE_ARCH = YES;
				SDKROOT = iphoneos;
				SWIFT_ACTIVE_COMPILATION_CONDITIONS = DEBUG;
				SWIFT_OPTIMIZATION_LEVEL = "-Onone";
			};
			name = Debug;
		};
		E67C53D5288EF71500F660BA /* Release */ = {
			isa = XCBuildConfiguration;
			buildSettings = {
				ALWAYS_SEARCH_USER_PATHS = NO;
				CLANG_ANALYZER_NONNULL = YES;
				CLANG_ANALYZER_NUMBER_OBJECT_CONVERSION = YES_AGGRESSIVE;
				CLANG_CXX_LANGUAGE_STANDARD = "gnu++17";
				CLANG_ENABLE_MODULES = YES;
				CLANG_ENABLE_OBJC_ARC = YES;
				CLANG_ENABLE_OBJC_WEAK = YES;
				CLANG_WARN_BLOCK_CAPTURE_AUTORELEASING = YES;
				CLANG_WARN_BOOL_CONVERSION = YES;
				CLANG_WARN_COMMA = YES;
				CLANG_WARN_CONSTANT_CONVERSION = YES;
				CLANG_WARN_DEPRECATED_OBJC_IMPLEMENTATIONS = YES;
				CLANG_WARN_DIRECT_OBJC_ISA_USAGE = YES_ERROR;
				CLANG_WARN_DOCUMENTATION_COMMENTS = YES;
				CLANG_WARN_EMPTY_BODY = YES;
				CLANG_WARN_ENUM_CONVERSION = YES;
				CLANG_WARN_INFINITE_RECURSION = YES;
				CLANG_WARN_INT_CONVERSION = YES;
				CLANG_WARN_NON_LITERAL_NULL_CONVERSION = YES;
				CLANG_WARN_OBJC_IMPLICIT_RETAIN_SELF = YES;
				CLANG_WARN_OBJC_LITERAL_CONVERSION = YES;
				CLANG_WARN_OBJC_ROOT_CLASS = YES_ERROR;
				CLANG_WARN_QUOTED_INCLUDE_IN_FRAMEWORK_HEADER = YES;
				CLANG_WARN_RANGE_LOOP_ANALYSIS = YES;
				CLANG_WARN_STRICT_PROTOTYPES = YES;
				CLANG_WARN_SUSPICIOUS_MOVE = YES;
				CLANG_WARN_UNGUARDED_AVAILABILITY = YES_AGGRESSIVE;
				CLANG_WARN_UNREACHABLE_CODE = YES;
				CLANG_WARN__DUPLICATE_METHOD_MATCH = YES;
				COPY_PHASE_STRIP = NO;
				DEBUG_INFORMATION_FORMAT = "dwarf-with-dsym";
				ENABLE_NS_ASSERTIONS = NO;
				ENABLE_STRICT_OBJC_MSGSEND = YES;
				GCC_C_LANGUAGE_STANDARD = gnu11;
				GCC_NO_COMMON_BLOCKS = YES;
				GCC_WARN_64_TO_32_BIT_CONVERSION = YES;
				GCC_WARN_ABOUT_RETURN_TYPE = YES_ERROR;
				GCC_WARN_UNDECLARED_SELECTOR = YES;
				GCC_WARN_UNINITIALIZED_AUTOS = YES_AGGRESSIVE;
				GCC_WARN_UNUSED_FUNCTION = YES;
				GCC_WARN_UNUSED_VARIABLE = YES;
				IPHONEOS_DEPLOYMENT_TARGET = 15.5;
				MTL_ENABLE_DEBUG_INFO = NO;
				MTL_FAST_MATH = YES;
				SDKROOT = iphoneos;
				SWIFT_COMPILATION_MODE = wholemodule;
				SWIFT_OPTIMIZATION_LEVEL = "-O";
				VALIDATE_PRODUCT = YES;
			};
			name = Release;
		};
		E67C53D7288EF71500F660BA /* Debug */ = {
			isa = XCBuildConfiguration;
			buildSettings = {
				ASSETCATALOG_COMPILER_APPICON_NAME = AppIcon;
				ASSETCATALOG_COMPILER_GLOBAL_ACCENT_COLOR_NAME = AccentColor;
				CODE_SIGN_STYLE = Automatic;
				CURRENT_PROJECT_VERSION = 1;
				DEVELOPMENT_TEAM = W3Z8DMQ484;
				GENERATE_INFOPLIST_FILE = YES;
				INFOPLIST_FILE = PredicateExample/Info.plist;
				INFOPLIST_KEY_UIApplicationSupportsIndirectInputEvents = YES;
				INFOPLIST_KEY_UILaunchStoryboardName = LaunchScreen;
				INFOPLIST_KEY_UIMainStoryboardFile = Main;
				INFOPLIST_KEY_UISupportedInterfaceOrientations_iPad = "UIInterfaceOrientationPortrait UIInterfaceOrientationPortraitUpsideDown UIInterfaceOrientationLandscapeLeft UIInterfaceOrientationLandscapeRight";
				INFOPLIST_KEY_UISupportedInterfaceOrientations_iPhone = "UIInterfaceOrientationPortrait UIInterfaceOrientationLandscapeLeft UIInterfaceOrientationLandscapeRight";
				LD_RUNPATH_SEARCH_PATHS = (
					"$(inherited)",
					"@executable_path/Frameworks",
				);
				MARKETING_VERSION = 1.0;
				PRODUCT_BUNDLE_IDENTIFIER = com.aerych.PredicateExample;
				PRODUCT_NAME = "$(TARGET_NAME)";
				SWIFT_EMIT_LOC_STRINGS = YES;
				SWIFT_VERSION = 5.0;
				TARGETED_DEVICE_FAMILY = "1,2";
			};
			name = Debug;
		};
		E67C53D8288EF71500F660BA /* Release */ = {
			isa = XCBuildConfiguration;
			buildSettings = {
				ASSETCATALOG_COMPILER_APPICON_NAME = AppIcon;
				ASSETCATALOG_COMPILER_GLOBAL_ACCENT_COLOR_NAME = AccentColor;
				CODE_SIGN_STYLE = Automatic;
				CURRENT_PROJECT_VERSION = 1;
				DEVELOPMENT_TEAM = W3Z8DMQ484;
				GENERATE_INFOPLIST_FILE = YES;
				INFOPLIST_FILE = PredicateExample/Info.plist;
				INFOPLIST_KEY_UIApplicationSupportsIndirectInputEvents = YES;
				INFOPLIST_KEY_UILaunchStoryboardName = LaunchScreen;
				INFOPLIST_KEY_UIMainStoryboardFile = Main;
				INFOPLIST_KEY_UISupportedInterfaceOrientations_iPad = "UIInterfaceOrientationPortrait UIInterfaceOrientationPortraitUpsideDown UIInterfaceOrientationLandscapeLeft UIInterfaceOrientationLandscapeRight";
				INFOPLIST_KEY_UISupportedInterfaceOrientations_iPhone = "UIInterfaceOrientationPortrait UIInterfaceOrientationLandscapeLeft UIInterfaceOrientationLandscapeRight";
				LD_RUNPATH_SEARCH_PATHS = (
					"$(inherited)",
					"@executable_path/Frameworks",
				);
				MARKETING_VERSION = 1.0;
				PRODUCT_BUNDLE_IDENTIFIER = com.aerych.PredicateExample;
				PRODUCT_NAME = "$(TARGET_NAME)";
				SWIFT_EMIT_LOC_STRINGS = YES;
				SWIFT_VERSION = 5.0;
				TARGETED_DEVICE_FAMILY = "1,2";
			};
			name = Release;
		};
/* End XCBuildConfiguration section */

/* Begin XCConfigurationList section */
		E67C53BA288EF71500F660BA /* Build configuration list for PBXProject "PredicateExample" */ = {
			isa = XCConfigurationList;
			buildConfigurations = (
				E67C53D4288EF71500F660BA /* Debug */,
				E67C53D5288EF71500F660BA /* Release */,
			);
			defaultConfigurationIsVisible = 0;
			defaultConfigurationName = Release;
		};
		E67C53D6288EF71500F660BA /* Build configuration list for PBXNativeTarget "PredicateExample" */ = {
			isa = XCConfigurationList;
			buildConfigurations = (
				E67C53D7288EF71500F660BA /* Debug */,
				E67C53D8288EF71500F660BA /* Release */,
			);
			defaultConfigurationIsVisible = 0;
			defaultConfigurationName = Release;
		};
/* End XCConfigurationList section */

/* Begin XCVersionGroup section */
		E67C53CB288EF71500F660BA /* PredicateExample.xcdatamodeld */ = {
			isa = XCVersionGroup;
			children = (
				E67C53CC288EF71500F660BA /* PredicateExample.xcdatamodel */,
			);
			currentVersion = E67C53CC288EF71500F660BA /* PredicateExample.xcdatamodel */;
			path = PredicateExample.xcdatamodeld;
			sourceTree = "<group>";
			versionGroupType = wrapper.xcdatamodel;
		};
/* End XCVersionGroup section */
	};
	rootObject = E67C53B7288EF71500F660BA /* Project object */;
}
